
Microsoft Visual Studio Solution File, Format Version 12.00
# Visual Studio Version 17
VisualStudioVersion = 17.13.35818.85 d17.13
MinimumVisualStudioVersion = 10.0.40219.1
Project("{FAE04EC0-301F-11D3-BF4B-00C04F79EFBC}") = "Study5", "Study5\Study5.csproj", "{108DF976-82CD-407D-907E-7FBE7FC8702A}"
EndProject
Global
	GlobalSection(SolutionConfigurationPlatforms) = preSolution
		Debug|Any CPU = Debug|Any CPU
		Release|Any CPU = Release|Any CPU
	EndGlobalSection
	GlobalSection(ProjectConfigurationPlatforms) = postSolution
		{108DF976-82CD-407D-907E-7FBE7FC8702A}.Debug|Any CPU.ActiveCfg = Debug|Any CPU
		{108DF976-82CD-407D-907E-7FBE7FC8702A}.Debug|Any CPU.Build.0 = Debug|Any CPU
		{108DF976-82CD-407D-907E-7FBE7FC8702A}.Release|Any CPU.ActiveCfg = Release|Any CPU
		{108DF976-82CD-407D-907E-7FBE7FC8702A}.Release|Any CPU.Build.0 = Release|Any CPU
	EndGlobalSection
	GlobalSection(SolutionProperties) = preSolution
		HideSolutionNode = FALSE
	EndGlobalSection
	GlobalSection(ExtensibilityGlobals) = postSolution
		SolutionGuid = {EFFB780A-F811-41E8-83E4-85FE6371576E}
	EndGlobalSection
EndGlobal
