
Microsoft Visual Studio Solution File, Format Version 12.00
# Visual Studio Version 17
VisualStudioVersion = 17.13.35818.85 d17.13
MinimumVisualStudioVersion = 10.0.40219.1
Project("{FAE04EC0-301F-11D3-BF4B-00C04F79EFBC}") = "study20", "study20\study20.csproj", "{0116FC32-6095-4786-B11B-D69E30A15E69}"
EndProject
Global
	GlobalSection(SolutionConfigurationPlatforms) = preSolution
		Debug|Any CPU = Debug|Any CPU
		Release|Any CPU = Release|Any CPU
	EndGlobalSection
	GlobalSection(ProjectConfigurationPlatforms) = postSolution
		{0116FC32-6095-4786-B11B-D69E30A15E69}.Debug|Any CPU.ActiveCfg = Debug|Any CPU
		{0116FC32-6095-4786-B11B-D69E30A15E69}.Debug|Any CPU.Build.0 = Debug|Any CPU
		{0116FC32-6095-4786-B11B-D69E30A15E69}.Release|Any CPU.ActiveCfg = Release|Any CPU
		{0116FC32-6095-4786-B11B-D69E30A15E69}.Release|Any CPU.Build.0 = Release|Any CPU
	EndGlobalSection
	GlobalSection(SolutionProperties) = preSolution
		HideSolutionNode = FALSE
	EndGlobalSection
	GlobalSection(ExtensibilityGlobals) = postSolution
		SolutionGuid = {0503136A-1B2D-4FD2-B7EF-AC6A7F1B4433}
	EndGlobalSection
EndGlobal
