
Microsoft Visual Studio Solution File, Format Version 12.00
# Visual Studio Version 17
VisualStudioVersion = 17.13.35818.85 d17.13
MinimumVisualStudioVersion = 10.0.40219.1
Project("{FAE04EC0-301F-11D3-BF4B-00C04F79EFBC}") = "study21", "study21\study21.csproj", "{4DE1C965-D1F5-422E-B925-2BE67B32E6BC}"
EndProject
Global
	GlobalSection(SolutionConfigurationPlatforms) = preSolution
		Debug|Any CPU = Debug|Any CPU
		Release|Any CPU = Release|Any CPU
	EndGlobalSection
	GlobalSection(ProjectConfigurationPlatforms) = postSolution
		{4DE1C965-D1F5-422E-B925-2BE67B32E6BC}.Debug|Any CPU.ActiveCfg = Debug|Any CPU
		{4DE1C965-D1F5-422E-B925-2BE67B32E6BC}.Debug|Any CPU.Build.0 = Debug|Any CPU
		{4DE1C965-D1F5-422E-B925-2BE67B32E6BC}.Release|Any CPU.ActiveCfg = Release|Any CPU
		{4DE1C965-D1F5-422E-B925-2BE67B32E6BC}.Release|Any CPU.Build.0 = Release|Any CPU
	EndGlobalSection
	GlobalSection(SolutionProperties) = preSolution
		HideSolutionNode = FALSE
	EndGlobalSection
	GlobalSection(ExtensibilityGlobals) = postSolution
		SolutionGuid = {A1A4617A-C2BC-40CA-9B6A-4B82FF26BA59}
	EndGlobalSection
EndGlobal
