
Microsoft Visual Studio Solution File, Format Version 12.00
# Visual Studio Version 17
VisualStudioVersion = 17.13.35818.85 d17.13
MinimumVisualStudioVersion = 10.0.40219.1
Project("{FAE04EC0-301F-11D3-BF4B-00C04F79EFBC}") = "AssingmentDay5", "AssingmentDay5\AssingmentDay5.csproj", "{DB5E3F77-28A6-41AA-9131-170A3FB6C8AE}"
EndProject
Global
	GlobalSection(SolutionConfigurationPlatforms) = preSolution
		Debug|Any CPU = Debug|Any CPU
		Release|Any CPU = Release|Any CPU
	EndGlobalSection
	GlobalSection(ProjectConfigurationPlatforms) = postSolution
		{DB5E3F77-28A6-41AA-9131-170A3FB6C8AE}.Debug|Any CPU.ActiveCfg = Debug|Any CPU
		{DB5E3F77-28A6-41AA-9131-170A3FB6C8AE}.Debug|Any CPU.Build.0 = Debug|Any CPU
		{DB5E3F77-28A6-41AA-9131-170A3FB6C8AE}.Release|Any CPU.ActiveCfg = Release|Any CPU
		{DB5E3F77-28A6-41AA-9131-170A3FB6C8AE}.Release|Any CPU.Build.0 = Release|Any CPU
	EndGlobalSection
	GlobalSection(SolutionProperties) = preSolution
		HideSolutionNode = FALSE
	EndGlobalSection
	GlobalSection(ExtensibilityGlobals) = postSolution
		SolutionGuid = {BEFAE960-FDC0-4E50-A29E-9427B47CC0FC}
	EndGlobalSection
EndGlobal
