
Microsoft Visual Studio Solution File, Format Version 12.00
# Visual Studio Version 17
VisualStudioVersion = 17.13.35818.85 d17.13
MinimumVisualStudioVersion = 10.0.40219.1
Project("{FAE04EC0-301F-11D3-BF4B-00C04F79EFBC}") = "MyTextRPG", "MyTextRPG\MyTextRPG.csproj", "{941A966F-115C-4335-8925-5278FED8B5EA}"
EndProject
Global
	GlobalSection(SolutionConfigurationPlatforms) = preSolution
		Debug|Any CPU = Debug|Any CPU
		Release|Any CPU = Release|Any CPU
	EndGlobalSection
	GlobalSection(ProjectConfigurationPlatforms) = postSolution
		{941A966F-115C-4335-8925-5278FED8B5EA}.Debug|Any CPU.ActiveCfg = Debug|Any CPU
		{941A966F-115C-4335-8925-5278FED8B5EA}.Debug|Any CPU.Build.0 = Debug|Any CPU
		{941A966F-115C-4335-8925-5278FED8B5EA}.Release|Any CPU.ActiveCfg = Release|Any CPU
		{941A966F-115C-4335-8925-5278FED8B5EA}.Release|Any CPU.Build.0 = Release|Any CPU
	EndGlobalSection
	GlobalSection(SolutionProperties) = preSolution
		HideSolutionNode = FALSE
	EndGlobalSection
	GlobalSection(ExtensibilityGlobals) = postSolution
		SolutionGuid = {D97039A9-E086-4447-A3A5-163FAF2F6D44}
	EndGlobalSection
EndGlobal
