
Microsoft Visual Studio Solution File, Format Version 12.00
# Visual Studio Version 17
VisualStudioVersion = 17.13.35818.85 d17.13
MinimumVisualStudioVersion = 10.0.40219.1
Project("{FAE04EC0-301F-11D3-BF4B-00C04F79EFBC}") = "study29", "study29\study29.csproj", "{C467426C-43DE-4EAF-BF90-AE17C26277CD}"
EndProject
Global
	GlobalSection(SolutionConfigurationPlatforms) = preSolution
		Debug|Any CPU = Debug|Any CPU
		Release|Any CPU = Release|Any CPU
	EndGlobalSection
	GlobalSection(ProjectConfigurationPlatforms) = postSolution
		{C467426C-43DE-4EAF-BF90-AE17C26277CD}.Debug|Any CPU.ActiveCfg = Debug|Any CPU
		{C467426C-43DE-4EAF-BF90-AE17C26277CD}.Debug|Any CPU.Build.0 = Debug|Any CPU
		{C467426C-43DE-4EAF-BF90-AE17C26277CD}.Release|Any CPU.ActiveCfg = Release|Any CPU
		{C467426C-43DE-4EAF-BF90-AE17C26277CD}.Release|Any CPU.Build.0 = Release|Any CPU
	EndGlobalSection
	GlobalSection(SolutionProperties) = preSolution
		HideSolutionNode = FALSE
	EndGlobalSection
	GlobalSection(ExtensibilityGlobals) = postSolution
		SolutionGuid = {076D33DA-36E3-4841-9979-C48E60F624A9}
	EndGlobalSection
EndGlobal
