
Microsoft Visual Studio Solution File, Format Version 12.00
# Visual Studio Version 17
VisualStudioVersion = 17.13.35818.85 d17.13
MinimumVisualStudioVersion = 10.0.40219.1
Project("{FAE04EC0-301F-11D3-BF4B-00C04F79EFBC}") = "ConsoleApp1", "ConsoleApp1\ConsoleApp1.csproj", "{57D8F66E-98D3-481D-840D-6BF30061FAFC}"
EndProject
Global
	GlobalSection(SolutionConfigurationPlatforms) = preSolution
		Debug|Any CPU = Debug|Any CPU
		Release|Any CPU = Release|Any CPU
	EndGlobalSection
	GlobalSection(ProjectConfigurationPlatforms) = postSolution
		{57D8F66E-98D3-481D-840D-6BF30061FAFC}.Debug|Any CPU.ActiveCfg = Debug|Any CPU
		{57D8F66E-98D3-481D-840D-6BF30061FAFC}.Debug|Any CPU.Build.0 = Debug|Any CPU
		{57D8F66E-98D3-481D-840D-6BF30061FAFC}.Release|Any CPU.ActiveCfg = Release|Any CPU
		{57D8F66E-98D3-481D-840D-6BF30061FAFC}.Release|Any CPU.Build.0 = Release|Any CPU
	EndGlobalSection
	GlobalSection(SolutionProperties) = preSolution
		HideSolutionNode = FALSE
	EndGlobalSection
	GlobalSection(ExtensibilityGlobals) = postSolution
		SolutionGuid = {AE193C42-C98C-4FB3-B353-27C3BA1B72A9}
	EndGlobalSection
EndGlobal
