
Microsoft Visual Studio Solution File, Format Version 12.00
# Visual Studio Version 17
VisualStudioVersion = 17.13.35818.85 d17.13
MinimumVisualStudioVersion = 10.0.40219.1
Project("{FAE04EC0-301F-11D3-BF4B-00C04F79EFBC}") = "game2", "game2\game2.csproj", "{EECB5A86-1881-4966-B9B1-296B8A9CDF3C}"
EndProject
Global
	GlobalSection(SolutionConfigurationPlatforms) = preSolution
		Debug|Any CPU = Debug|Any CPU
		Release|Any CPU = Release|Any CPU
	EndGlobalSection
	GlobalSection(ProjectConfigurationPlatforms) = postSolution
		{EECB5A86-1881-4966-B9B1-296B8A9CDF3C}.Debug|Any CPU.ActiveCfg = Debug|Any CPU
		{EECB5A86-1881-4966-B9B1-296B8A9CDF3C}.Debug|Any CPU.Build.0 = Debug|Any CPU
		{EECB5A86-1881-4966-B9B1-296B8A9CDF3C}.Release|Any CPU.ActiveCfg = Release|Any CPU
		{EECB5A86-1881-4966-B9B1-296B8A9CDF3C}.Release|Any CPU.Build.0 = Release|Any CPU
	EndGlobalSection
	GlobalSection(SolutionProperties) = preSolution
		HideSolutionNode = FALSE
	EndGlobalSection
	GlobalSection(ExtensibilityGlobals) = postSolution
		SolutionGuid = {58E9441E-7E5B-4826-9AD1-08902E247CBF}
	EndGlobalSection
EndGlobal
