
Microsoft Visual Studio Solution File, Format Version 12.00
# Visual Studio Version 17
VisualStudioVersion = 17.13.35818.85 d17.13
MinimumVisualStudioVersion = 10.0.40219.1
Project("{FAE04EC0-301F-11D3-BF4B-00C04F79EFBC}") = "BrickGame", "BrickGame\BrickGame.csproj", "{2CC2B0A5-082E-47A0-A95D-4A11DD95E3EF}"
EndProject
Global
	GlobalSection(SolutionConfigurationPlatforms) = preSolution
		Debug|Any CPU = Debug|Any CPU
		Release|Any CPU = Release|Any CPU
	EndGlobalSection
	GlobalSection(ProjectConfigurationPlatforms) = postSolution
		{2CC2B0A5-082E-47A0-A95D-4A11DD95E3EF}.Debug|Any CPU.ActiveCfg = Debug|Any CPU
		{2CC2B0A5-082E-47A0-A95D-4A11DD95E3EF}.Debug|Any CPU.Build.0 = Debug|Any CPU
		{2CC2B0A5-082E-47A0-A95D-4A11DD95E3EF}.Release|Any CPU.ActiveCfg = Release|Any CPU
		{2CC2B0A5-082E-47A0-A95D-4A11DD95E3EF}.Release|Any CPU.Build.0 = Release|Any CPU
	EndGlobalSection
	GlobalSection(SolutionProperties) = preSolution
		HideSolutionNode = FALSE
	EndGlobalSection
	GlobalSection(ExtensibilityGlobals) = postSolution
		SolutionGuid = {046E407C-4993-46A4-BF0C-A49B75052D8D}
	EndGlobalSection
EndGlobal
